
Microsoft Visual Studio Solution File, Format Version 12.00
# Visual Studio Version 17
VisualStudioVersion = 17.8.34330.188
MinimumVisualStudioVersion = 10.0.40219.1
Project("{FAE04EC0-301F-11D3-BF4B-00C04F79EFBC}") = "DelegatingHandlerTest", "DelegatingHandlerTest.csproj", "{E41E4B54-8405-4855-B568-EE2D8E52E87E}"
EndProject
Global
	GlobalSection(SolutionConfigurationPlatforms) = preSolution
		Debug|Any CPU = Debug|Any CPU
		Release|Any CPU = Release|Any CPU
	EndGlobalSection
	GlobalSection(ProjectConfigurationPlatforms) = postSolution
		{E41E4B54-8405-4855-B568-EE2D8E52E87E}.Debug|Any CPU.ActiveCfg = Debug|Any CPU
		{E41E4B54-8405-4855-B568-EE2D8E52E87E}.Debug|Any CPU.Build.0 = Debug|Any CPU
		{E41E4B54-8405-4855-B568-EE2D8E52E87E}.Release|Any CPU.ActiveCfg = Release|Any CPU
		{E41E4B54-8405-4855-B568-EE2D8E52E87E}.Release|Any CPU.Build.0 = Release|Any CPU
	EndGlobalSection
	GlobalSection(SolutionProperties) = preSolution
		HideSolutionNode = FALSE
	EndGlobalSection
	GlobalSection(ExtensibilityGlobals) = postSolution
		SolutionGuid = {DC9FCC13-81FE-45E1-9EEF-519AA4F5167E}
	EndGlobalSection
EndGlobal
